
Microsoft Visual Studio Solution File, Format Version 12.00
Project("{FAE04EC0-301F-11D3-BF4B-00C04F79EFBC}") = "AvaloniaIssuePasswordChar", "AvaloniaIssuePasswordChar\AvaloniaIssuePasswordChar\AvaloniaIssuePasswordChar.csproj", "{9519E188-92FE-49E7-8C65-13B4475D2C80}"
EndProject
Project("{FAE04EC0-301F-11D3-BF4B-00C04F79EFBC}") = "AvaloniaIssuePasswordChar.Android", "AvaloniaIssuePasswordChar\AvaloniaIssuePasswordChar.Android\AvaloniaIssuePasswordChar.Android.csproj", "{B8098137-B6AA-4E7C-B5BA-274E0A155DA7}"
EndProject
Project("{FAE04EC0-301F-11D3-BF4B-00C04F79EFBC}") = "AvaloniaIssuePasswordChar.Desktop", "AvaloniaIssuePasswordChar\AvaloniaIssuePasswordChar.Desktop\AvaloniaIssuePasswordChar.Desktop.csproj", "{56189402-F269-4771-BD74-F97C32191FF2}"
EndProject
Project("{FAE04EC0-301F-11D3-BF4B-00C04F79EFBC}") = "AvaloniaIssuePasswordChar.iOS", "AvaloniaIssuePasswordChar\AvaloniaIssuePasswordChar.iOS\AvaloniaIssuePasswordChar.iOS.csproj", "{6FC4F344-A879-4DE1-8B6D-01EB7680A2B2}"
EndProject
Project("{FAE04EC0-301F-11D3-BF4B-00C04F79EFBC}") = "AvaloniaIssuePasswordChar.Browser", "AvaloniaIssuePasswordChar\AvaloniaIssuePasswordChar.Browser\AvaloniaIssuePasswordChar.Browser.csproj", "{4DEF13E3-0798-4AC3-AC3D-DA4D617DC3C4}"
EndProject
Global
	GlobalSection(SolutionConfigurationPlatforms) = preSolution
		Debug|Any CPU = Debug|Any CPU
		Release|Any CPU = Release|Any CPU
	EndGlobalSection
	GlobalSection(ProjectConfigurationPlatforms) = postSolution
		{9519E188-92FE-49E7-8C65-13B4475D2C80}.Debug|Any CPU.ActiveCfg = Debug|Any CPU
		{9519E188-92FE-49E7-8C65-13B4475D2C80}.Debug|Any CPU.Build.0 = Debug|Any CPU
		{9519E188-92FE-49E7-8C65-13B4475D2C80}.Release|Any CPU.ActiveCfg = Release|Any CPU
		{9519E188-92FE-49E7-8C65-13B4475D2C80}.Release|Any CPU.Build.0 = Release|Any CPU
		{B8098137-B6AA-4E7C-B5BA-274E0A155DA7}.Debug|Any CPU.ActiveCfg = Debug|Any CPU
		{B8098137-B6AA-4E7C-B5BA-274E0A155DA7}.Debug|Any CPU.Build.0 = Debug|Any CPU
		{B8098137-B6AA-4E7C-B5BA-274E0A155DA7}.Debug|Any CPU.Deploy.0 = Debug|Any CPU
		{B8098137-B6AA-4E7C-B5BA-274E0A155DA7}.Release|Any CPU.ActiveCfg = Release|Any CPU
		{B8098137-B6AA-4E7C-B5BA-274E0A155DA7}.Release|Any CPU.Build.0 = Release|Any CPU
		{B8098137-B6AA-4E7C-B5BA-274E0A155DA7}.Release|Any CPU.Deploy.0 = Release|Any CPU
		{56189402-F269-4771-BD74-F97C32191FF2}.Debug|Any CPU.ActiveCfg = Debug|Any CPU
		{56189402-F269-4771-BD74-F97C32191FF2}.Debug|Any CPU.Build.0 = Debug|Any CPU
		{56189402-F269-4771-BD74-F97C32191FF2}.Release|Any CPU.ActiveCfg = Release|Any CPU
		{56189402-F269-4771-BD74-F97C32191FF2}.Release|Any CPU.Build.0 = Release|Any CPU
		{6FC4F344-A879-4DE1-8B6D-01EB7680A2B2}.Debug|Any CPU.ActiveCfg = Debug|Any CPU
		{6FC4F344-A879-4DE1-8B6D-01EB7680A2B2}.Debug|Any CPU.Build.0 = Debug|Any CPU
		{6FC4F344-A879-4DE1-8B6D-01EB7680A2B2}.Debug|Any CPU.Deploy.0 = Debug|Any CPU
		{6FC4F344-A879-4DE1-8B6D-01EB7680A2B2}.Release|Any CPU.ActiveCfg = Release|Any CPU
		{6FC4F344-A879-4DE1-8B6D-01EB7680A2B2}.Release|Any CPU.Build.0 = Release|Any CPU
		{6FC4F344-A879-4DE1-8B6D-01EB7680A2B2}.Release|Any CPU.Deploy.0 = Release|Any CPU
		{4DEF13E3-0798-4AC3-AC3D-DA4D617DC3C4}.Debug|Any CPU.ActiveCfg = Debug|Any CPU
		{4DEF13E3-0798-4AC3-AC3D-DA4D617DC3C4}.Debug|Any CPU.Build.0 = Debug|Any CPU
		{4DEF13E3-0798-4AC3-AC3D-DA4D617DC3C4}.Release|Any CPU.ActiveCfg = Release|Any CPU
		{4DEF13E3-0798-4AC3-AC3D-DA4D617DC3C4}.Release|Any CPU.Build.0 = Release|Any CPU
	EndGlobalSection
EndGlobal
